// !$*UTF8*$!
{
	archiveVersion = 1;
	classes = {
	};
	objectVersion = 48;
	objects = {

/* Begin PBXBuildFile section */
		2E94B0AF1FD4B91D00E3EF94 /* SlackController.swift in Sources */ = {isa = PBXBuildFile; fileRef = 2E94B0AE1FD4B91D00E3EF94 /* SlackController.swift */; };
		2EA2ED801FD2E88C00D8EA75 /* main.swift in Sources */ = {isa = PBXBuildFile; fileRef = 2EA2ED7F1FD2E88C00D8EA75 /* main.swift */; };
		2EA2ED881FD2E99100D8EA75 /* ReviewsController.swift in Sources */ = {isa = PBXBuildFile; fileRef = 2EA2ED871FD2E99100D8EA75 /* ReviewsController.swift */; };
		2EA2ED8C1FD3342500D8EA75 /* Review.swift in Sources */ = {isa = PBXBuildFile; fileRef = 2EA2ED8B1FD3342500D8EA75 /* Review.swift */; };
/* End PBXBuildFile section */

/* Begin PBXCopyFilesBuildPhase section */
		2EA2ED7A1FD2E88C00D8EA75 /* CopyFiles */ = {
			isa = PBXCopyFilesBuildPhase;
			buildActionMask = 2147483647;
			dstPath = /usr/share/man/man1/;
			dstSubfolderSpec = 0;
			files = (
			);
			runOnlyForDeploymentPostprocessing = 1;
		};
/* End PBXCopyFilesBuildPhase section */

/* Begin PBXFileReference section */
		2E94B0AE1FD4B91D00E3EF94 /* SlackController.swift */ = {isa = PBXFileReference; lastKnownFileType = sourcecode.swift; path = SlackController.swift; sourceTree = "<group>"; };
		2EA2ED7C1FD2E88C00D8EA75 /* AppStoreReviews */ = {isa = PBXFileReference; explicitFileType = "compiled.mach-o.executable"; includeInIndex = 0; path = AppStoreReviews; sourceTree = BUILT_PRODUCTS_DIR; };
		2EA2ED7F1FD2E88C00D8EA75 /* main.swift */ = {isa = PBXFileReference; lastKnownFileType = sourcecode.swift; path = main.swift; sourceTree = "<group>"; };
		2EA2ED871FD2E99100D8EA75 /* ReviewsController.swift */ = {isa = PBXFileReference; lastKnownFileType = sourcecode.swift; path = ReviewsController.swift; sourceTree = "<group>"; };
		2EA2ED8B1FD3342500D8EA75 /* Review.swift */ = {isa = PBXFileReference; lastKnownFileType = sourcecode.swift; path = Review.swift; sourceTree = "<group>"; };
/* End PBXFileReference section */

/* Begin PBXFrameworksBuildPhase section */
		2EA2ED791FD2E88C00D8EA75 /* Frameworks */ = {
			isa = PBXFrameworksBuildPhase;
			buildActionMask = 2147483647;
			files = (
			);
			runOnlyForDeploymentPostprocessing = 0;
		};
/* End PBXFrameworksBuildPhase section */

/* Begin PBXGroup section */
		2EA2ED731FD2E88C00D8EA75 = {
			isa = PBXGroup;
			children = (
				2EA2ED8A1FD3341200D8EA75 /* Model */,
				2EA2ED861FD2E96100D8EA75 /* Classes */,
				2EA2ED7E1FD2E88C00D8EA75 /* AppStoreReviews */,
				2EA2ED7D1FD2E88C00D8EA75 /* Products */,
			);
			sourceTree = "<group>";
		};
		2EA2ED7D1FD2E88C00D8EA75 /* Products */ = {
			isa = PBXGroup;
			children = (
				2EA2ED7C1FD2E88C00D8EA75 /* AppStoreReviews */,
			);
			name = Products;
			sourceTree = "<group>";
		};
		2EA2ED7E1FD2E88C00D8EA75 /* AppStoreReviews */ = {
			isa = PBXGroup;
			children = (
				2EA2ED7F1FD2E88C00D8EA75 /* main.swift */,
			);
			path = AppStoreReviews;
			sourceTree = "<group>";
		};
		2EA2ED861FD2E96100D8EA75 /* Classes */ = {
			isa = PBXGroup;
			children = (
				2EA2ED871FD2E99100D8EA75 /* ReviewsController.swift */,
				2E94B0AE1FD4B91D00E3EF94 /* SlackController.swift */,
			);
			path = Classes;
			sourceTree = "<group>";
		};
		2EA2ED8A1FD3341200D8EA75 /* Model */ = {
			isa = PBXGroup;
			children = (
				2EA2ED8B1FD3342500D8EA75 /* Review.swift */,
			);
			path = Model;
			sourceTree = "<group>";
		};
/* End PBXGroup section */

/* Begin PBXNativeTarget section */
		2EA2ED7B1FD2E88C00D8EA75 /* AppStoreReviews */ = {
			isa = PBXNativeTarget;
			buildConfigurationList = 2EA2ED831FD2E88C00D8EA75 /* Build configuration list for PBXNativeTarget "AppStoreReviews" */;
			buildPhases = (
				2EA2ED781FD2E88C00D8EA75 /* Sources */,
				2EA2ED791FD2E88C00D8EA75 /* Frameworks */,
				2EA2ED7A1FD2E88C00D8EA75 /* CopyFiles */,
			);
			buildRules = (
			);
			dependencies = (
			);
			name = AppStoreReviews;
			productName = AppStoreReviews;
			productReference = 2EA2ED7C1FD2E88C00D8EA75 /* AppStoreReviews */;
			productType = "com.apple.product-type.tool";
		};
/* End PBXNativeTarget section */

/* Begin PBXProject section */
		2EA2ED741FD2E88C00D8EA75 /* Project object */ = {
			isa = PBXProject;
			attributes = {
				LastSwiftUpdateCheck = 0910;
				LastUpgradeCheck = 0910;
				ORGANIZATIONNAME = "Mijo Gracanin";
				TargetAttributes = {
					2EA2ED7B1FD2E88C00D8EA75 = {
						CreatedOnToolsVersion = 9.1;
						ProvisioningStyle = Automatic;
					};
				};
			};
			buildConfigurationList = 2EA2ED771FD2E88C00D8EA75 /* Build configuration list for PBXProject "AppStoreReviews" */;
			compatibilityVersion = "Xcode 8.0";
			developmentRegion = en;
			hasScannedForEncodings = 0;
			knownRegions = (
				en,
				Base,
			);
			mainGroup = 2EA2ED731FD2E88C00D8EA75;
			productRefGroup = 2EA2ED7D1FD2E88C00D8EA75 /* Products */;
			projectDirPath = "";
			projectRoot = "";
			targets = (
				2EA2ED7B1FD2E88C00D8EA75 /* AppStoreReviews */,
			);
		};
/* End PBXProject section */

/* Begin PBXSourcesBuildPhase section */
		2EA2ED781FD2E88C00D8EA75 /* Sources */ = {
			isa = PBXSourcesBuildPhase;
			buildActionMask = 2147483647;
			files = (
				2EA2ED881FD2E99100D8EA75 /* ReviewsController.swift in Sources */,
				2EA2ED801FD2E88C00D8EA75 /* main.swift in Sources */,
				2E94B0AF1FD4B91D00E3EF94 /* SlackController.swift in Sources */,
				2EA2ED8C1FD3342500D8EA75 /* Review.swift in Sources */,
			);
			runOnlyForDeploymentPostprocessing = 0;
		};
/* End PBXSourcesBuildPhase section */

/* Begin XCBuildConfiguration section */
		2EA2ED811FD2E88C00D8EA75 /* Debug */ = {
			isa = XCBuildConfiguration;
			buildSettings = {
				ALWAYS_SEARCH_USER_PATHS = NO;
				CLANG_ANALYZER_NONNULL = YES;
				CLANG_ANALYZER_NUMBER_OBJECT_CONVERSION = YES_AGGRESSIVE;
				CLANG_CXX_LANGUAGE_STANDARD = "gnu++14";
				CLANG_CXX_LIBRARY = "libc++";
				CLANG_ENABLE_MODULES = YES;
				CLANG_ENABLE_OBJC_ARC = YES;
				CLANG_WARN_BLOCK_CAPTURE_AUTORELEASING = YES;
				CLANG_WARN_BOOL_CONVERSION = YES;
				CLANG_WARN_COMMA = YES;
				CLANG_WARN_CONSTANT_CONVERSION = YES;
				CLANG_WARN_DIRECT_OBJC_ISA_USAGE = YES_ERROR;
				CLANG_WARN_DOCUMENTATION_COMMENTS = YES;
				CLANG_WARN_EMPTY_BODY = YES;
				CLANG_WARN_ENUM_CONVERSION = YES;
				CLANG_WARN_INFINITE_RECURSION = YES;
				CLANG_WARN_INT_CONVERSION = YES;
				CLANG_WARN_NON_LITERAL_NULL_CONVERSION = YES;
				CLANG_WARN_OBJC_LITERAL_CONVERSION = YES;
				CLANG_WARN_OBJC_ROOT_CLASS = YES_ERROR;
				CLANG_WARN_RANGE_LOOP_ANALYSIS = YES;
				CLANG_WARN_STRICT_PROTOTYPES = YES;
				CLANG_WARN_SUSPICIOUS_MOVE = YES;
				CLANG_WARN_UNGUARDED_AVAILABILITY = YES_AGGRESSIVE;
				CLANG_WARN_UNREACHABLE_CODE = YES;
				CLANG_WARN__DUPLICATE_METHOD_MATCH = YES;
				CODE_SIGN_IDENTITY = "-";
				COPY_PHASE_STRIP = NO;
				DEBUG_INFORMATION_FORMAT = dwarf;
				ENABLE_STRICT_OBJC_MSGSEND = YES;
				ENABLE_TESTABILITY = YES;
				GCC_C_LANGUAGE_STANDARD = gnu11;
				GCC_DYNAMIC_NO_PIC = NO;
				GCC_NO_COMMON_BLOCKS = YES;
				GCC_OPTIMIZATION_LEVEL = 0;
				GCC_PREPROCESSOR_DEFINITIONS = (
					"DEBUG=1",
					"$(inherited)",
				);
				GCC_WARN_64_TO_32_BIT_CONVERSION = YES;
				GCC_WARN_ABOUT_RETURN_TYPE = YES_ERROR;
				GCC_WARN_UNDECLARED_SELECTOR = YES;
				GCC_WARN_UNINITIALIZED_AUTOS = YES_AGGRESSIVE;
				GCC_WARN_UNUSED_FUNCTION = YES;
				GCC_WARN_UNUSED_VARIABLE = YES;
				MACOSX_DEPLOYMENT_TARGET = 10.13;
				MTL_ENABLE_DEBUG_INFO = YES;
				ONLY_ACTIVE_ARCH = YES;
				SDKROOT = macosx;
				SWIFT_ACTIVE_COMPILATION_CONDITIONS = DEBUG;
				SWIFT_OPTIMIZATION_LEVEL = "-Onone";
			};
			name = Debug;
		};
		2EA2ED821FD2E88C00D8EA75 /* Release */ = {
			isa = XCBuildConfiguration;
			buildSettings = {
				ALWAYS_SEARCH_USER_PATHS = NO;
				CLANG_ANALYZER_NONNULL = YES;
				CLANG_ANALYZER_NUMBER_OBJECT_CONVERSION = YES_AGGRESSIVE;
				CLANG_CXX_LANGUAGE_STANDARD = "gnu++14";
				CLANG_CXX_LIBRARY = "libc++";
				CLANG_ENABLE_MODULES = YES;
				CLANG_ENABLE_OBJC_ARC = YES;
				CLANG_WARN_BLOCK_CAPTURE_AUTORELEASING = YES;
				CLANG_WARN_BOOL_CONVERSION = YES;
				CLANG_WARN_COMMA = YES;
				CLANG_WARN_CONSTANT_CONVERSION = YES;
				CLANG_WARN_DIRECT_OBJC_ISA_USAGE = YES_ERROR;
				CLANG_WARN_DOCUMENTATION_COMMENTS = YES;
				CLANG_WARN_EMPTY_BODY = YES;
				CLANG_WARN_ENUM_CONVERSION = YES;
				CLANG_WARN_INFINITE_RECURSION = YES;
				CLANG_WARN_INT_CONVERSION = YES;
				CLANG_WARN_NON_LITERAL_NULL_CONVERSION = YES;
				CLANG_WARN_OBJC_LITERAL_CONVERSION = YES;
				CLANG_WARN_OBJC_ROOT_CLASS = YES_ERROR;
				CLANG_WARN_RANGE_LOOP_ANALYSIS = YES;
				CLANG_WARN_STRICT_PROTOTYPES = YES;
				CLANG_WARN_SUSPICIOUS_MOVE = YES;
				CLANG_WARN_UNGUARDED_AVAILABILITY = YES_AGGRESSIVE;
				CLANG_WARN_UNREACHABLE_CODE = YES;
				CLANG_WARN__DUPLICATE_METHOD_MATCH = YES;
				CODE_SIGN_IDENTITY = "-";
				COPY_PHASE_STRIP = NO;
				DEBUG_INFORMATION_FORMAT = "dwarf-with-dsym";
				ENABLE_NS_ASSERTIONS = NO;
				ENABLE_STRICT_OBJC_MSGSEND = YES;
				GCC_C_LANGUAGE_STANDARD = gnu11;
				GCC_NO_COMMON_BLOCKS = YES;
				GCC_WARN_64_TO_32_BIT_CONVERSION = YES;
				GCC_WARN_ABOUT_RETURN_TYPE = YES_ERROR;
				GCC_WARN_UNDECLARED_SELECTOR = YES;
				GCC_WARN_UNINITIALIZED_AUTOS = YES_AGGRESSIVE;
				GCC_WARN_UNUSED_FUNCTION = YES;
				GCC_WARN_UNUSED_VARIABLE = YES;
				MACOSX_DEPLOYMENT_TARGET = 10.13;
				MTL_ENABLE_DEBUG_INFO = NO;
				SDKROOT = macosx;
				SWIFT_OPTIMIZATION_LEVEL = "-Owholemodule";
			};
			name = Release;
		};
		2EA2ED841FD2E88C00D8EA75 /* Debug */ = {
			isa = XCBuildConfiguration;
			buildSettings = {
				CODE_SIGN_STYLE = Automatic;
				PRODUCT_NAME = "$(TARGET_NAME)";
				SWIFT_VERSION = 4.0;
			};
			name = Debug;
		};
		2EA2ED851FD2E88C00D8EA75 /* Release */ = {
			isa = XCBuildConfiguration;
			buildSettings = {
				CODE_SIGN_STYLE = Automatic;
				PRODUCT_NAME = "$(TARGET_NAME)";
				SWIFT_VERSION = 4.0;
			};
			name = Release;
		};
/* End XCBuildConfiguration section */

/* Begin XCConfigurationList section */
		2EA2ED771FD2E88C00D8EA75 /* Build configuration list for PBXProject "AppStoreReviews" */ = {
			isa = XCConfigurationList;
			buildConfigurations = (
				2EA2ED811FD2E88C00D8EA75 /* Debug */,
				2EA2ED821FD2E88C00D8EA75 /* Release */,
			);
			defaultConfigurationIsVisible = 0;
			defaultConfigurationName = Release;
		};
		2EA2ED831FD2E88C00D8EA75 /* Build configuration list for PBXNativeTarget "AppStoreReviews" */ = {
			isa = XCConfigurationList;
			buildConfigurations = (
				2EA2ED841FD2E88C00D8EA75 /* Debug */,
				2EA2ED851FD2E88C00D8EA75 /* Release */,
			);
			defaultConfigurationIsVisible = 0;
			defaultConfigurationName = Release;
		};
/* End XCConfigurationList section */
	};
	rootObject = 2EA2ED741FD2E88C00D8EA75 /* Project object */;
}
